
Microsoft Visual Studio Solution File, Format Version 12.00
# Visual Studio 15
VisualStudioVersion = 15.0.27130.2027
MinimumVisualStudioVersion = 10.0.40219.1
Project("{FAE04EC0-301F-11D3-BF4B-00C04F79EFBC}") = "ConsoleApp3", "ConsoleApp3\ConsoleApp3.csproj", "{3E7BCF2C-54DE-455F-9B9B-1D23D1B8F2F8}"
EndProject
Global
	GlobalSection(SolutionConfigurationPlatforms) = preSolution
		Debug|Any CPU = Debug|Any CPU
		Release|Any CPU = Release|Any CPU
	EndGlobalSection
	GlobalSection(ProjectConfigurationPlatforms) = postSolution
		{3E7BCF2C-54DE-455F-9B9B-1D23D1B8F2F8}.Debug|Any CPU.ActiveCfg = Debug|Any CPU
		{3E7BCF2C-54DE-455F-9B9B-1D23D1B8F2F8}.Debug|Any CPU.Build.0 = Debug|Any CPU
		{3E7BCF2C-54DE-455F-9B9B-1D23D1B8F2F8}.Release|Any CPU.ActiveCfg = Release|Any CPU
		{3E7BCF2C-54DE-455F-9B9B-1D23D1B8F2F8}.Release|Any CPU.Build.0 = Release|Any CPU
	EndGlobalSection
	GlobalSection(SolutionProperties) = preSolution
		HideSolutionNode = FALSE
	EndGlobalSection
	GlobalSection(ExtensibilityGlobals) = postSolution
		SolutionGuid = {2064D9BA-47C9-4812-AAB8-0EC8FC7DB9BA}
	EndGlobalSection
EndGlobal
